
Microsoft Visual Studio Solution File, Format Version 12.00
# Visual Studio Version 16
VisualStudioVersion = 16.0.31321.278
MinimumVisualStudioVersion = 10.0.40219.1
Project("{9A19103F-16F7-4668-BE54-9A1E7A4F7556}") = "tfmwebapp", "tfmwebapp\tfmwebapp.csproj", "{B9D9EFF0-6DE7-4F29-A290-87506AA30DDA}"
EndProject
Project("{FAE04EC0-301F-11D3-BF4B-00C04F79EFBC}") = "SQLAPPINT", "..\..\..\..\Downloads\Code\19. Lab - Connecting a web app to SQL database\sqlapp\SQLAPPINT\SQLAPPINT.csproj", "{46954748-6008-4B84-8D3B-EED463897F25}"
EndProject
Global
	GlobalSection(SolutionConfigurationPlatforms) = preSolution
		Debug|Any CPU = Debug|Any CPU
		Release|Any CPU = Release|Any CPU
	EndGlobalSection
	GlobalSection(ProjectConfigurationPlatforms) = postSolution
		{B9D9EFF0-6DE7-4F29-A290-87506AA30DDA}.Debug|Any CPU.ActiveCfg = Debug|Any CPU
		{B9D9EFF0-6DE7-4F29-A290-87506AA30DDA}.Debug|Any CPU.Build.0 = Debug|Any CPU
		{B9D9EFF0-6DE7-4F29-A290-87506AA30DDA}.Release|Any CPU.ActiveCfg = Release|Any CPU
		{B9D9EFF0-6DE7-4F29-A290-87506AA30DDA}.Release|Any CPU.Build.0 = Release|Any CPU
		{46954748-6008-4B84-8D3B-EED463897F25}.Debug|Any CPU.ActiveCfg = Debug|Any CPU
		{46954748-6008-4B84-8D3B-EED463897F25}.Debug|Any CPU.Build.0 = Debug|Any CPU
		{46954748-6008-4B84-8D3B-EED463897F25}.Release|Any CPU.ActiveCfg = Release|Any CPU
		{46954748-6008-4B84-8D3B-EED463897F25}.Release|Any CPU.Build.0 = Release|Any CPU
	EndGlobalSection
	GlobalSection(SolutionProperties) = preSolution
		HideSolutionNode = FALSE
	EndGlobalSection
	GlobalSection(ExtensibilityGlobals) = postSolution
		SolutionGuid = {F23DC74E-95AE-4CEA-8125-1FC1C9588A8A}
	EndGlobalSection
EndGlobal
